// !$*UTF8*$!
{
	archiveVersion = 1;
	classes = {
	};
	objectVersion = 56;
	objects = {

/* Begin PBXBuildFile section */
		608F7FF02AED94EF00A03E66 /* AssignmentFiveApp.swift in Sources */ = {isa = PBXBuildFile; fileRef = 608F7FEF2AED94EF00A03E66 /* AssignmentFiveApp.swift */; };
		608F7FF22AED94EF00A03E66 /* ContentView.swift in Sources */ = {isa = PBXBuildFile; fileRef = 608F7FF12AED94EF00A03E66 /* ContentView.swift */; };
		608F7FF42AED94F100A03E66 /* Assets.xcassets in Resources */ = {isa = PBXBuildFile; fileRef = 608F7FF32AED94F100A03E66 /* Assets.xcassets */; };
		608F7FF72AED94F100A03E66 /* Preview Assets.xcassets in Resources */ = {isa = PBXBuildFile; fileRef = 608F7FF62AED94F100A03E66 /* Preview Assets.xcassets */; };
		608F80012AED94F100A03E66 /* AssignmentFiveTests.swift in Sources */ = {isa = PBXBuildFile; fileRef = 608F80002AED94F100A03E66 /* AssignmentFiveTests.swift */; };
		608F800B2AED94F100A03E66 /* AssignmentFiveUITests.swift in Sources */ = {isa = PBXBuildFile; fileRef = 608F800A2AED94F100A03E66 /* AssignmentFiveUITests.swift */; };
		608F800D2AED94F100A03E66 /* AssignmentFiveUITestsLaunchTests.swift in Sources */ = {isa = PBXBuildFile; fileRef = 608F800C2AED94F100A03E66 /* AssignmentFiveUITestsLaunchTests.swift */; };
		608F801C2AEDA33A00A03E66 /* MyImageClassifier.mlmodel in Sources */ = {isa = PBXBuildFile; fileRef = 608F801B2AEDA33A00A03E66 /* MyImageClassifier.mlmodel */; };
/* End PBXBuildFile section */

/* Begin PBXContainerItemProxy section */
		608F7FFD2AED94F100A03E66 /* PBXContainerItemProxy */ = {
			isa = PBXContainerItemProxy;
			containerPortal = 608F7FE42AED94EF00A03E66 /* Project object */;
			proxyType = 1;
			remoteGlobalIDString = 608F7FEB2AED94EF00A03E66;
			remoteInfo = AssignmentFive;
		};
		608F80072AED94F100A03E66 /* PBXContainerItemProxy */ = {
			isa = PBXContainerItemProxy;
			containerPortal = 608F7FE42AED94EF00A03E66 /* Project object */;
			proxyType = 1;
			remoteGlobalIDString = 608F7FEB2AED94EF00A03E66;
			remoteInfo = AssignmentFive;
		};
/* End PBXContainerItemProxy section */

/* Begin PBXFileReference section */
		608F7FEC2AED94EF00A03E66 /* AssignmentFive.app */ = {isa = PBXFileReference; explicitFileType = wrapper.application; includeInIndex = 0; path = AssignmentFive.app; sourceTree = BUILT_PRODUCTS_DIR; };
		608F7FEF2AED94EF00A03E66 /* AssignmentFiveApp.swift */ = {isa = PBXFileReference; lastKnownFileType = sourcecode.swift; path = AssignmentFiveApp.swift; sourceTree = "<group>"; };
		608F7FF12AED94EF00A03E66 /* ContentView.swift */ = {isa = PBXFileReference; lastKnownFileType = sourcecode.swift; path = ContentView.swift; sourceTree = "<group>"; };
		608F7FF32AED94F100A03E66 /* Assets.xcassets */ = {isa = PBXFileReference; lastKnownFileType = folder.assetcatalog; path = Assets.xcassets; sourceTree = "<group>"; };
		608F7FF62AED94F100A03E66 /* Preview Assets.xcassets */ = {isa = PBXFileReference; lastKnownFileType = folder.assetcatalog; path = "Preview Assets.xcassets"; sourceTree = "<group>"; };
		608F7FFC2AED94F100A03E66 /* AssignmentFiveTests.xctest */ = {isa = PBXFileReference; explicitFileType = wrapper.cfbundle; includeInIndex = 0; path = AssignmentFiveTests.xctest; sourceTree = BUILT_PRODUCTS_DIR; };
		608F80002AED94F100A03E66 /* AssignmentFiveTests.swift */ = {isa = PBXFileReference; lastKnownFileType = sourcecode.swift; path = AssignmentFiveTests.swift; sourceTree = "<group>"; };
		608F80062AED94F100A03E66 /* AssignmentFiveUITests.xctest */ = {isa = PBXFileReference; explicitFileType = wrapper.cfbundle; includeInIndex = 0; path = AssignmentFiveUITests.xctest; sourceTree = BUILT_PRODUCTS_DIR; };
		608F800A2AED94F100A03E66 /* AssignmentFiveUITests.swift */ = {isa = PBXFileReference; lastKnownFileType = sourcecode.swift; path = AssignmentFiveUITests.swift; sourceTree = "<group>"; };
		608F800C2AED94F100A03E66 /* AssignmentFiveUITestsLaunchTests.swift */ = {isa = PBXFileReference; lastKnownFileType = sourcecode.swift; path = AssignmentFiveUITestsLaunchTests.swift; sourceTree = "<group>"; };
		608F801B2AEDA33A00A03E66 /* MyImageClassifier.mlmodel */ = {isa = PBXFileReference; lastKnownFileType = file.mlmodel; path = MyImageClassifier.mlmodel; sourceTree = "<group>"; };
/* End PBXFileReference section */

/* Begin PBXFrameworksBuildPhase section */
		608F7FE92AED94EF00A03E66 /* Frameworks */ = {
			isa = PBXFrameworksBuildPhase;
			buildActionMask = 2147483647;
			files = (
			);
			runOnlyForDeploymentPostprocessing = 0;
		};
		608F7FF92AED94F100A03E66 /* Frameworks */ = {
			isa = PBXFrameworksBuildPhase;
			buildActionMask = 2147483647;
			files = (
			);
			runOnlyForDeploymentPostprocessing = 0;
		};
		608F80032AED94F100A03E66 /* Frameworks */ = {
			isa = PBXFrameworksBuildPhase;
			buildActionMask = 2147483647;
			files = (
			);
			runOnlyForDeploymentPostprocessing = 0;
		};
/* End PBXFrameworksBuildPhase section */

/* Begin PBXGroup section */
		608F7FE32AED94EF00A03E66 = {
			isa = PBXGroup;
			children = (
				608F7FEE2AED94EF00A03E66 /* AssignmentFive */,
				608F7FFF2AED94F100A03E66 /* AssignmentFiveTests */,
				608F80092AED94F100A03E66 /* AssignmentFiveUITests */,
				608F7FED2AED94EF00A03E66 /* Products */,
			);
			sourceTree = "<group>";
		};
		608F7FED2AED94EF00A03E66 /* Products */ = {
			isa = PBXGroup;
			children = (
				608F7FEC2AED94EF00A03E66 /* AssignmentFive.app */,
				608F7FFC2AED94F100A03E66 /* AssignmentFiveTests.xctest */,
				608F80062AED94F100A03E66 /* AssignmentFiveUITests.xctest */,
			);
			name = Products;
			sourceTree = "<group>";
		};
		608F7FEE2AED94EF00A03E66 /* AssignmentFive */ = {
			isa = PBXGroup;
			children = (
				608F801B2AEDA33A00A03E66 /* MyImageClassifier.mlmodel */,
				608F7FEF2AED94EF00A03E66 /* AssignmentFiveApp.swift */,
				608F7FF12AED94EF00A03E66 /* ContentView.swift */,
				608F7FF32AED94F100A03E66 /* Assets.xcassets */,
				608F7FF52AED94F100A03E66 /* Preview Content */,
			);
			path = AssignmentFive;
			sourceTree = "<group>";
		};
		608F7FF52AED94F100A03E66 /* Preview Content */ = {
			isa = PBXGroup;
			children = (
				608F7FF62AED94F100A03E66 /* Preview Assets.xcassets */,
			);
			path = "Preview Content";
			sourceTree = "<group>";
		};
		608F7FFF2AED94F100A03E66 /* AssignmentFiveTests */ = {
			isa = PBXGroup;
			children = (
				608F80002AED94F100A03E66 /* AssignmentFiveTests.swift */,
			);
			path = AssignmentFiveTests;
			sourceTree = "<group>";
		};
		608F80092AED94F100A03E66 /* AssignmentFiveUITests */ = {
			isa = PBXGroup;
			children = (
				608F800A2AED94F100A03E66 /* AssignmentFiveUITests.swift */,
				608F800C2AED94F100A03E66 /* AssignmentFiveUITestsLaunchTests.swift */,
			);
			path = AssignmentFiveUITests;
			sourceTree = "<group>";
		};
/* End PBXGroup section */

/* Begin PBXNativeTarget section */
		608F7FEB2AED94EF00A03E66 /* AssignmentFive */ = {
			isa = PBXNativeTarget;
			buildConfigurationList = 608F80102AED94F100A03E66 /* Build configuration list for PBXNativeTarget "AssignmentFive" */;
			buildPhases = (
				608F7FE82AED94EF00A03E66 /* Sources */,
				608F7FE92AED94EF00A03E66 /* Frameworks */,
				608F7FEA2AED94EF00A03E66 /* Resources */,
			);
			buildRules = (
			);
			dependencies = (
			);
			name = AssignmentFive;
			productName = AssignmentFive;
			productReference = 608F7FEC2AED94EF00A03E66 /* AssignmentFive.app */;
			productType = "com.apple.product-type.application";
		};
		608F7FFB2AED94F100A03E66 /* AssignmentFiveTests */ = {
			isa = PBXNativeTarget;
			buildConfigurationList = 608F80132AED94F100A03E66 /* Build configuration list for PBXNativeTarget "AssignmentFiveTests" */;
			buildPhases = (
				608F7FF82AED94F100A03E66 /* Sources */,
				608F7FF92AED94F100A03E66 /* Frameworks */,
				608F7FFA2AED94F100A03E66 /* Resources */,
			);
			buildRules = (
			);
			dependencies = (
				608F7FFE2AED94F100A03E66 /* PBXTargetDependency */,
			);
			name = AssignmentFiveTests;
			productName = AssignmentFiveTests;
			productReference = 608F7FFC2AED94F100A03E66 /* AssignmentFiveTests.xctest */;
			productType = "com.apple.product-type.bundle.unit-test";
		};
		608F80052AED94F100A03E66 /* AssignmentFiveUITests */ = {
			isa = PBXNativeTarget;
			buildConfigurationList = 608F80162AED94F100A03E66 /* Build configuration list for PBXNativeTarget "AssignmentFiveUITests" */;
			buildPhases = (
				608F80022AED94F100A03E66 /* Sources */,
				608F80032AED94F100A03E66 /* Frameworks */,
				608F80042AED94F100A03E66 /* Resources */,
			);
			buildRules = (
			);
			dependencies = (
				608F80082AED94F100A03E66 /* PBXTargetDependency */,
			);
			name = AssignmentFiveUITests;
			productName = AssignmentFiveUITests;
			productReference = 608F80062AED94F100A03E66 /* AssignmentFiveUITests.xctest */;
			productType = "com.apple.product-type.bundle.ui-testing";
		};
/* End PBXNativeTarget section */

/* Begin PBXProject section */
		608F7FE42AED94EF00A03E66 /* Project object */ = {
			isa = PBXProject;
			attributes = {
				BuildIndependentTargetsInParallel = 1;
				LastSwiftUpdateCheck = 1430;
				LastUpgradeCheck = 1430;
				TargetAttributes = {
					608F7FEB2AED94EF00A03E66 = {
						CreatedOnToolsVersion = 14.3.1;
					};
					608F7FFB2AED94F100A03E66 = {
						CreatedOnToolsVersion = 14.3.1;
						TestTargetID = 608F7FEB2AED94EF00A03E66;
					};
					608F80052AED94F100A03E66 = {
						CreatedOnToolsVersion = 14.3.1;
						TestTargetID = 608F7FEB2AED94EF00A03E66;
					};
				};
			};
			buildConfigurationList = 608F7FE72AED94EF00A03E66 /* Build configuration list for PBXProject "AssignmentFive" */;
			compatibilityVersion = "Xcode 14.0";
			developmentRegion = en;
			hasScannedForEncodings = 0;
			knownRegions = (
				en,
				Base,
			);
			mainGroup = 608F7FE32AED94EF00A03E66;
			productRefGroup = 608F7FED2AED94EF00A03E66 /* Products */;
			projectDirPath = "";
			projectRoot = "";
			targets = (
				608F7FEB2AED94EF00A03E66 /* AssignmentFive */,
				608F7FFB2AED94F100A03E66 /* AssignmentFiveTests */,
				608F80052AED94F100A03E66 /* AssignmentFiveUITests */,
			);
		};
/* End PBXProject section */

/* Begin PBXResourcesBuildPhase section */
		608F7FEA2AED94EF00A03E66 /* Resources */ = {
			isa = PBXResourcesBuildPhase;
			buildActionMask = 2147483647;
			files = (
				608F7FF72AED94F100A03E66 /* Preview Assets.xcassets in Resources */,
				608F7FF42AED94F100A03E66 /* Assets.xcassets in Resources */,
			);
			runOnlyForDeploymentPostprocessing = 0;
		};
		608F7FFA2AED94F100A03E66 /* Resources */ = {
			isa = PBXResourcesBuildPhase;
			buildActionMask = 2147483647;
			files = (
			);
			runOnlyForDeploymentPostprocessing = 0;
		};
		608F80042AED94F100A03E66 /* Resources */ = {
			isa = PBXResourcesBuildPhase;
			buildActionMask = 2147483647;
			files = (
			);
			runOnlyForDeploymentPostprocessing = 0;
		};
/* End PBXResourcesBuildPhase section */

/* Begin PBXSourcesBuildPhase section */
		608F7FE82AED94EF00A03E66 /* Sources */ = {
			isa = PBXSourcesBuildPhase;
			buildActionMask = 2147483647;
			files = (
				608F7FF22AED94EF00A03E66 /* ContentView.swift in Sources */,
				608F7FF02AED94EF00A03E66 /* AssignmentFiveApp.swift in Sources */,
				608F801C2AEDA33A00A03E66 /* MyImageClassifier.mlmodel in Sources */,
			);
			runOnlyForDeploymentPostprocessing = 0;
		};
		608F7FF82AED94F100A03E66 /* Sources */ = {
			isa = PBXSourcesBuildPhase;
			buildActionMask = 2147483647;
			files = (
				608F80012AED94F100A03E66 /* AssignmentFiveTests.swift in Sources */,
			);
			runOnlyForDeploymentPostprocessing = 0;
		};
		608F80022AED94F100A03E66 /* Sources */ = {
			isa = PBXSourcesBuildPhase;
			buildActionMask = 2147483647;
			files = (
				608F800B2AED94F100A03E66 /* AssignmentFiveUITests.swift in Sources */,
				608F800D2AED94F100A03E66 /* AssignmentFiveUITestsLaunchTests.swift in Sources */,
			);
			runOnlyForDeploymentPostprocessing = 0;
		};
/* End PBXSourcesBuildPhase section */

/* Begin PBXTargetDependency section */
		608F7FFE2AED94F100A03E66 /* PBXTargetDependency */ = {
			isa = PBXTargetDependency;
			target = 608F7FEB2AED94EF00A03E66 /* AssignmentFive */;
			targetProxy = 608F7FFD2AED94F100A03E66 /* PBXContainerItemProxy */;
		};
		608F80082AED94F100A03E66 /* PBXTargetDependency */ = {
			isa = PBXTargetDependency;
			target = 608F7FEB2AED94EF00A03E66 /* AssignmentFive */;
			targetProxy = 608F80072AED94F100A03E66 /* PBXContainerItemProxy */;
		};
/* End PBXTargetDependency section */

/* Begin XCBuildConfiguration section */
		608F800E2AED94F100A03E66 /* Debug */ = {
			isa = XCBuildConfiguration;
			buildSettings = {
				ALWAYS_SEARCH_USER_PATHS = NO;
				CLANG_ANALYZER_NONNULL = YES;
				CLANG_ANALYZER_NUMBER_OBJECT_CONVERSION = YES_AGGRESSIVE;
				CLANG_CXX_LANGUAGE_STANDARD = "gnu++20";
				CLANG_ENABLE_MODULES = YES;
				CLANG_ENABLE_OBJC_ARC = YES;
				CLANG_ENABLE_OBJC_WEAK = YES;
				CLANG_WARN_BLOCK_CAPTURE_AUTORELEASING = YES;
				CLANG_WARN_BOOL_CONVERSION = YES;
				CLANG_WARN_COMMA = YES;
				CLANG_WARN_CONSTANT_CONVERSION = YES;
				CLANG_WARN_DEPRECATED_OBJC_IMPLEMENTATIONS = YES;
				CLANG_WARN_DIRECT_OBJC_ISA_USAGE = YES_ERROR;
				CLANG_WARN_DOCUMENTATION_COMMENTS = YES;
				CLANG_WARN_EMPTY_BODY = YES;
				CLANG_WARN_ENUM_CONVERSION = YES;
				CLANG_WARN_INFINITE_RECURSION = YES;
				CLANG_WARN_INT_CONVERSION = YES;
				CLANG_WARN_NON_LITERAL_NULL_CONVERSION = YES;
				CLANG_WARN_OBJC_IMPLICIT_RETAIN_SELF = YES;
				CLANG_WARN_OBJC_LITERAL_CONVERSION = YES;
				CLANG_WARN_OBJC_ROOT_CLASS = YES_ERROR;
				CLANG_WARN_QUOTED_INCLUDE_IN_FRAMEWORK_HEADER = YES;
				CLANG_WARN_RANGE_LOOP_ANALYSIS = YES;
				CLANG_WARN_STRICT_PROTOTYPES = YES;
				CLANG_WARN_SUSPICIOUS_MOVE = YES;
				CLANG_WARN_UNGUARDED_AVAILABILITY = YES_AGGRESSIVE;
				CLANG_WARN_UNREACHABLE_CODE = YES;
				CLANG_WARN__DUPLICATE_METHOD_MATCH = YES;
				COPY_PHASE_STRIP = NO;
				DEBUG_INFORMATION_FORMAT = dwarf;
				ENABLE_STRICT_OBJC_MSGSEND = YES;
				ENABLE_TESTABILITY = YES;
				GCC_C_LANGUAGE_STANDARD = gnu11;
				GCC_DYNAMIC_NO_PIC = NO;
				GCC_NO_COMMON_BLOCKS = YES;
				GCC_OPTIMIZATION_LEVEL = 0;
				GCC_PREPROCESSOR_DEFINITIONS = (
					"DEBUG=1",
					"$(inherited)",
				);
				GCC_WARN_64_TO_32_BIT_CONVERSION = YES;
				GCC_WARN_ABOUT_RETURN_TYPE = YES_ERROR;
				GCC_WARN_UNDECLARED_SELECTOR = YES;
				GCC_WARN_UNINITIALIZED_AUTOS = YES_AGGRESSIVE;
				GCC_WARN_UNUSED_FUNCTION = YES;
				GCC_WARN_UNUSED_VARIABLE = YES;
				IPHONEOS_DEPLOYMENT_TARGET = 16.4;
				MTL_ENABLE_DEBUG_INFO = INCLUDE_SOURCE;
				MTL_FAST_MATH = YES;
				ONLY_ACTIVE_ARCH = YES;
				SDKROOT = iphoneos;
				SWIFT_ACTIVE_COMPILATION_CONDITIONS = DEBUG;
				SWIFT_OPTIMIZATION_LEVEL = "-Onone";
			};
			name = Debug;
		};
		608F800F2AED94F100A03E66 /* Release */ = {
			isa = XCBuildConfiguration;
			buildSettings = {
				ALWAYS_SEARCH_USER_PATHS = NO;
				CLANG_ANALYZER_NONNULL = YES;
				CLANG_ANALYZER_NUMBER_OBJECT_CONVERSION = YES_AGGRESSIVE;
				CLANG_CXX_LANGUAGE_STANDARD = "gnu++20";
				CLANG_ENABLE_MODULES = YES;
				CLANG_ENABLE_OBJC_ARC = YES;
				CLANG_ENABLE_OBJC_WEAK = YES;
				CLANG_WARN_BLOCK_CAPTURE_AUTORELEASING = YES;
				CLANG_WARN_BOOL_CONVERSION = YES;
				CLANG_WARN_COMMA = YES;
				CLANG_WARN_CONSTANT_CONVERSION = YES;
				CLANG_WARN_DEPRECATED_OBJC_IMPLEMENTATIONS = YES;
				CLANG_WARN_DIRECT_OBJC_ISA_USAGE = YES_ERROR;
				CLANG_WARN_DOCUMENTATION_COMMENTS = YES;
				CLANG_WARN_EMPTY_BODY = YES;
				CLANG_WARN_ENUM_CONVERSION = YES;
				CLANG_WARN_INFINITE_RECURSION = YES;
				CLANG_WARN_INT_CONVERSION = YES;
				CLANG_WARN_NON_LITERAL_NULL_CONVERSION = YES;
				CLANG_WARN_OBJC_IMPLICIT_RETAIN_SELF = YES;
				CLANG_WARN_OBJC_LITERAL_CONVERSION = YES;
				CLANG_WARN_OBJC_ROOT_CLASS = YES_ERROR;
				CLANG_WARN_QUOTED_INCLUDE_IN_FRAMEWORK_HEADER = YES;
				CLANG_WARN_RANGE_LOOP_ANALYSIS = YES;
				CLANG_WARN_STRICT_PROTOTYPES = YES;
				CLANG_WARN_SUSPICIOUS_MOVE = YES;
				CLANG_WARN_UNGUARDED_AVAILABILITY = YES_AGGRESSIVE;
				CLANG_WARN_UNREACHABLE_CODE = YES;
				CLANG_WARN__DUPLICATE_METHOD_MATCH = YES;
				COPY_PHASE_STRIP = NO;
				DEBUG_INFORMATION_FORMAT = "dwarf-with-dsym";
				ENABLE_NS_ASSERTIONS = NO;
				ENABLE_STRICT_OBJC_MSGSEND = YES;
				GCC_C_LANGUAGE_STANDARD = gnu11;
				GCC_NO_COMMON_BLOCKS = YES;
				GCC_WARN_64_TO_32_BIT_CONVERSION = YES;
				GCC_WARN_ABOUT_RETURN_TYPE = YES_ERROR;
				GCC_WARN_UNDECLARED_SELECTOR = YES;
				GCC_WARN_UNINITIALIZED_AUTOS = YES_AGGRESSIVE;
				GCC_WARN_UNUSED_FUNCTION = YES;
				GCC_WARN_UNUSED_VARIABLE = YES;
				IPHONEOS_DEPLOYMENT_TARGET = 16.4;
				MTL_ENABLE_DEBUG_INFO = NO;
				MTL_FAST_MATH = YES;
				SDKROOT = iphoneos;
				SWIFT_COMPILATION_MODE = wholemodule;
				SWIFT_OPTIMIZATION_LEVEL = "-O";
				VALIDATE_PRODUCT = YES;
			};
			name = Release;
		};
		608F80112AED94F100A03E66 /* Debug */ = {
			isa = XCBuildConfiguration;
			buildSettings = {
				ASSETCATALOG_COMPILER_APPICON_NAME = AppIcon;
				ASSETCATALOG_COMPILER_GLOBAL_ACCENT_COLOR_NAME = AccentColor;
				CODE_SIGN_STYLE = Automatic;
				CURRENT_PROJECT_VERSION = 1;
				DEVELOPMENT_ASSET_PATHS = "\"AssignmentFive/Preview Content\"";
				ENABLE_PREVIEWS = YES;
				GENERATE_INFOPLIST_FILE = YES;
				INFOPLIST_KEY_UIApplicationSceneManifest_Generation = YES;
				INFOPLIST_KEY_UIApplicationSupportsIndirectInputEvents = YES;
				INFOPLIST_KEY_UILaunchScreen_Generation = YES;
				INFOPLIST_KEY_UISupportedInterfaceOrientations_iPad = "UIInterfaceOrientationPortrait UIInterfaceOrientationPortraitUpsideDown UIInterfaceOrientationLandscapeLeft UIInterfaceOrientationLandscapeRight";
				INFOPLIST_KEY_UISupportedInterfaceOrientations_iPhone = "UIInterfaceOrientationPortrait UIInterfaceOrientationLandscapeLeft UIInterfaceOrientationLandscapeRight";
				LD_RUNPATH_SEARCH_PATHS = (
					"$(inherited)",
					"@executable_path/Frameworks",
				);
				MARKETING_VERSION = 1.0;
				PRODUCT_BUNDLE_IDENTIFIER = com.coreml.course.AssignmentFive;
				PRODUCT_NAME = "$(TARGET_NAME)";
				SWIFT_EMIT_LOC_STRINGS = YES;
				SWIFT_VERSION = 5.0;
				TARGETED_DEVICE_FAMILY = "1,2";
			};
			name = Debug;
		};
		608F80122AED94F100A03E66 /* Release */ = {
			isa = XCBuildConfiguration;
			buildSettings = {
				ASSETCATALOG_COMPILER_APPICON_NAME = AppIcon;
				ASSETCATALOG_COMPILER_GLOBAL_ACCENT_COLOR_NAME = AccentColor;
				CODE_SIGN_STYLE = Automatic;
				CURRENT_PROJECT_VERSION = 1;
				DEVELOPMENT_ASSET_PATHS = "\"AssignmentFive/Preview Content\"";
				ENABLE_PREVIEWS = YES;
				GENERATE_INFOPLIST_FILE = YES;
				INFOPLIST_KEY_UIApplicationSceneManifest_Generation = YES;
				INFOPLIST_KEY_UIApplicationSupportsIndirectInputEvents = YES;
				INFOPLIST_KEY_UILaunchScreen_Generation = YES;
				INFOPLIST_KEY_UISupportedInterfaceOrientations_iPad = "UIInterfaceOrientationPortrait UIInterfaceOrientationPortraitUpsideDown UIInterfaceOrientationLandscapeLeft UIInterfaceOrientationLandscapeRight";
				INFOPLIST_KEY_UISupportedInterfaceOrientations_iPhone = "UIInterfaceOrientationPortrait UIInterfaceOrientationLandscapeLeft UIInterfaceOrientationLandscapeRight";
				LD_RUNPATH_SEARCH_PATHS = (
					"$(inherited)",
					"@executable_path/Frameworks",
				);
				MARKETING_VERSION = 1.0;
				PRODUCT_BUNDLE_IDENTIFIER = com.coreml.course.AssignmentFive;
				PRODUCT_NAME = "$(TARGET_NAME)";
				SWIFT_EMIT_LOC_STRINGS = YES;
				SWIFT_VERSION = 5.0;
				TARGETED_DEVICE_FAMILY = "1,2";
			};
			name = Release;
		};
		608F80142AED94F100A03E66 /* Debug */ = {
			isa = XCBuildConfiguration;
			buildSettings = {
				ALWAYS_EMBED_SWIFT_STANDARD_LIBRARIES = YES;
				BUNDLE_LOADER = "$(TEST_HOST)";
				CODE_SIGN_STYLE = Automatic;
				CURRENT_PROJECT_VERSION = 1;
				GENERATE_INFOPLIST_FILE = YES;
				IPHONEOS_DEPLOYMENT_TARGET = 16.4;
				MARKETING_VERSION = 1.0;
				PRODUCT_BUNDLE_IDENTIFIER = com.coreml.course.AssignmentFiveTests;
				PRODUCT_NAME = "$(TARGET_NAME)";
				SWIFT_EMIT_LOC_STRINGS = NO;
				SWIFT_VERSION = 5.0;
				TARGETED_DEVICE_FAMILY = "1,2";
				TEST_HOST = "$(BUILT_PRODUCTS_DIR)/AssignmentFive.app/$(BUNDLE_EXECUTABLE_FOLDER_PATH)/AssignmentFive";
			};
			name = Debug;
		};
		608F80152AED94F100A03E66 /* Release */ = {
			isa = XCBuildConfiguration;
			buildSettings = {
				ALWAYS_EMBED_SWIFT_STANDARD_LIBRARIES = YES;
				BUNDLE_LOADER = "$(TEST_HOST)";
				CODE_SIGN_STYLE = Automatic;
				CURRENT_PROJECT_VERSION = 1;
				GENERATE_INFOPLIST_FILE = YES;
				IPHONEOS_DEPLOYMENT_TARGET = 16.4;
				MARKETING_VERSION = 1.0;
				PRODUCT_BUNDLE_IDENTIFIER = com.coreml.course.AssignmentFiveTests;
				PRODUCT_NAME = "$(TARGET_NAME)";
				SWIFT_EMIT_LOC_STRINGS = NO;
				SWIFT_VERSION = 5.0;
				TARGETED_DEVICE_FAMILY = "1,2";
				TEST_HOST = "$(BUILT_PRODUCTS_DIR)/AssignmentFive.app/$(BUNDLE_EXECUTABLE_FOLDER_PATH)/AssignmentFive";
			};
			name = Release;
		};
		608F80172AED94F100A03E66 /* Debug */ = {
			isa = XCBuildConfiguration;
			buildSettings = {
				ALWAYS_EMBED_SWIFT_STANDARD_LIBRARIES = YES;
				CODE_SIGN_STYLE = Automatic;
				CURRENT_PROJECT_VERSION = 1;
				GENERATE_INFOPLIST_FILE = YES;
				MARKETING_VERSION = 1.0;
				PRODUCT_BUNDLE_IDENTIFIER = com.coreml.course.AssignmentFiveUITests;
				PRODUCT_NAME = "$(TARGET_NAME)";
				SWIFT_EMIT_LOC_STRINGS = NO;
				SWIFT_VERSION = 5.0;
				TARGETED_DEVICE_FAMILY = "1,2";
				TEST_TARGET_NAME = AssignmentFive;
			};
			name = Debug;
		};
		608F80182AED94F100A03E66 /* Release */ = {
			isa = XCBuildConfiguration;
			buildSettings = {
				ALWAYS_EMBED_SWIFT_STANDARD_LIBRARIES = YES;
				CODE_SIGN_STYLE = Automatic;
				CURRENT_PROJECT_VERSION = 1;
				GENERATE_INFOPLIST_FILE = YES;
				MARKETING_VERSION = 1.0;
				PRODUCT_BUNDLE_IDENTIFIER = com.coreml.course.AssignmentFiveUITests;
				PRODUCT_NAME = "$(TARGET_NAME)";
				SWIFT_EMIT_LOC_STRINGS = NO;
				SWIFT_VERSION = 5.0;
				TARGETED_DEVICE_FAMILY = "1,2";
				TEST_TARGET_NAME = AssignmentFive;
			};
			name = Release;
		};
/* End XCBuildConfiguration section */

/* Begin XCConfigurationList section */
		608F7FE72AED94EF00A03E66 /* Build configuration list for PBXProject "AssignmentFive" */ = {
			isa = XCConfigurationList;
			buildConfigurations = (
				608F800E2AED94F100A03E66 /* Debug */,
				608F800F2AED94F100A03E66 /* Release */,
			);
			defaultConfigurationIsVisible = 0;
			defaultConfigurationName = Release;
		};
		608F80102AED94F100A03E66 /* Build configuration list for PBXNativeTarget "AssignmentFive" */ = {
			isa = XCConfigurationList;
			buildConfigurations = (
				608F80112AED94F100A03E66 /* Debug */,
				608F80122AED94F100A03E66 /* Release */,
			);
			defaultConfigurationIsVisible = 0;
			defaultConfigurationName = Release;
		};
		608F80132AED94F100A03E66 /* Build configuration list for PBXNativeTarget "AssignmentFiveTests" */ = {
			isa = XCConfigurationList;
			buildConfigurations = (
				608F80142AED94F100A03E66 /* Debug */,
				608F80152AED94F100A03E66 /* Release */,
			);
			defaultConfigurationIsVisible = 0;
			defaultConfigurationName = Release;
		};
		608F80162AED94F100A03E66 /* Build configuration list for PBXNativeTarget "AssignmentFiveUITests" */ = {
			isa = XCConfigurationList;
			buildConfigurations = (
				608F80172AED94F100A03E66 /* Debug */,
				608F80182AED94F100A03E66 /* Release */,
			);
			defaultConfigurationIsVisible = 0;
			defaultConfigurationName = Release;
		};
/* End XCConfigurationList section */
	};
	rootObject = 608F7FE42AED94EF00A03E66 /* Project object */;
}
