// !$*UTF8*$!
{
	archiveVersion = 1;
	classes = {
	};
	objectVersion = 56;
	objects = {

/* Begin PBXBuildFile section */
		60273A102ADF253E005A59A8 /* AssignmentFourApp.swift in Sources */ = {isa = PBXBuildFile; fileRef = 60273A0F2ADF253E005A59A8 /* AssignmentFourApp.swift */; };
		60273A122ADF253E005A59A8 /* ContentView.swift in Sources */ = {isa = PBXBuildFile; fileRef = 60273A112ADF253E005A59A8 /* ContentView.swift */; };
		60273A172ADF2540005A59A8 /* Preview Assets.xcassets in Resources */ = {isa = PBXBuildFile; fileRef = 60273A162ADF2540005A59A8 /* Preview Assets.xcassets */; };
		60273A212ADF2541005A59A8 /* AssignmentFourTests.swift in Sources */ = {isa = PBXBuildFile; fileRef = 60273A202ADF2541005A59A8 /* AssignmentFourTests.swift */; };
		60273A2B2ADF2541005A59A8 /* AssignmentFourUITests.swift in Sources */ = {isa = PBXBuildFile; fileRef = 60273A2A2ADF2541005A59A8 /* AssignmentFourUITests.swift */; };
		60273A2D2ADF2541005A59A8 /* AssignmentFourUITestsLaunchTests.swift in Sources */ = {isa = PBXBuildFile; fileRef = 60273A2C2ADF2541005A59A8 /* AssignmentFourUITestsLaunchTests.swift */; };
		60273A3A2ADF260E005A59A8 /* SqueezeNet.mlmodel in Sources */ = {isa = PBXBuildFile; fileRef = 60273A392ADF260E005A59A8 /* SqueezeNet.mlmodel */; };
		60273A402ADF3DEE005A59A8 /* Assets.xcassets in Resources */ = {isa = PBXBuildFile; fileRef = 60273A3F2ADF3DEE005A59A8 /* Assets.xcassets */; };
/* End PBXBuildFile section */

/* Begin PBXContainerItemProxy section */
		60273A1D2ADF2541005A59A8 /* PBXContainerItemProxy */ = {
			isa = PBXContainerItemProxy;
			containerPortal = 60273A042ADF253E005A59A8 /* Project object */;
			proxyType = 1;
			remoteGlobalIDString = 60273A0B2ADF253E005A59A8;
			remoteInfo = AssignmentFour;
		};
		60273A272ADF2541005A59A8 /* PBXContainerItemProxy */ = {
			isa = PBXContainerItemProxy;
			containerPortal = 60273A042ADF253E005A59A8 /* Project object */;
			proxyType = 1;
			remoteGlobalIDString = 60273A0B2ADF253E005A59A8;
			remoteInfo = AssignmentFour;
		};
/* End PBXContainerItemProxy section */

/* Begin PBXFileReference section */
		60273A0C2ADF253E005A59A8 /* AssignmentFour.app */ = {isa = PBXFileReference; explicitFileType = wrapper.application; includeInIndex = 0; path = AssignmentFour.app; sourceTree = BUILT_PRODUCTS_DIR; };
		60273A0F2ADF253E005A59A8 /* AssignmentFourApp.swift */ = {isa = PBXFileReference; lastKnownFileType = sourcecode.swift; path = AssignmentFourApp.swift; sourceTree = "<group>"; };
		60273A112ADF253E005A59A8 /* ContentView.swift */ = {isa = PBXFileReference; lastKnownFileType = sourcecode.swift; path = ContentView.swift; sourceTree = "<group>"; };
		60273A162ADF2540005A59A8 /* Preview Assets.xcassets */ = {isa = PBXFileReference; lastKnownFileType = folder.assetcatalog; path = "Preview Assets.xcassets"; sourceTree = "<group>"; };
		60273A1C2ADF2541005A59A8 /* AssignmentFourTests.xctest */ = {isa = PBXFileReference; explicitFileType = wrapper.cfbundle; includeInIndex = 0; path = AssignmentFourTests.xctest; sourceTree = BUILT_PRODUCTS_DIR; };
		60273A202ADF2541005A59A8 /* AssignmentFourTests.swift */ = {isa = PBXFileReference; lastKnownFileType = sourcecode.swift; path = AssignmentFourTests.swift; sourceTree = "<group>"; };
		60273A262ADF2541005A59A8 /* AssignmentFourUITests.xctest */ = {isa = PBXFileReference; explicitFileType = wrapper.cfbundle; includeInIndex = 0; path = AssignmentFourUITests.xctest; sourceTree = BUILT_PRODUCTS_DIR; };
		60273A2A2ADF2541005A59A8 /* AssignmentFourUITests.swift */ = {isa = PBXFileReference; lastKnownFileType = sourcecode.swift; path = AssignmentFourUITests.swift; sourceTree = "<group>"; };
		60273A2C2ADF2541005A59A8 /* AssignmentFourUITestsLaunchTests.swift */ = {isa = PBXFileReference; lastKnownFileType = sourcecode.swift; path = AssignmentFourUITestsLaunchTests.swift; sourceTree = "<group>"; };
		60273A392ADF260E005A59A8 /* SqueezeNet.mlmodel */ = {isa = PBXFileReference; lastKnownFileType = file.mlmodel; path = SqueezeNet.mlmodel; sourceTree = "<group>"; };
		60273A3F2ADF3DEE005A59A8 /* Assets.xcassets */ = {isa = PBXFileReference; lastKnownFileType = folder.assetcatalog; path = Assets.xcassets; sourceTree = "<group>"; };
/* End PBXFileReference section */

/* Begin PBXFrameworksBuildPhase section */
		60273A092ADF253E005A59A8 /* Frameworks */ = {
			isa = PBXFrameworksBuildPhase;
			buildActionMask = 2147483647;
			files = (
			);
			runOnlyForDeploymentPostprocessing = 0;
		};
		60273A192ADF2541005A59A8 /* Frameworks */ = {
			isa = PBXFrameworksBuildPhase;
			buildActionMask = 2147483647;
			files = (
			);
			runOnlyForDeploymentPostprocessing = 0;
		};
		60273A232ADF2541005A59A8 /* Frameworks */ = {
			isa = PBXFrameworksBuildPhase;
			buildActionMask = 2147483647;
			files = (
			);
			runOnlyForDeploymentPostprocessing = 0;
		};
/* End PBXFrameworksBuildPhase section */

/* Begin PBXGroup section */
		60273A032ADF253E005A59A8 = {
			isa = PBXGroup;
			children = (
				60273A0E2ADF253E005A59A8 /* AssignmentFour */,
				60273A1F2ADF2541005A59A8 /* AssignmentFourTests */,
				60273A292ADF2541005A59A8 /* AssignmentFourUITests */,
				60273A0D2ADF253E005A59A8 /* Products */,
			);
			sourceTree = "<group>";
		};
		60273A0D2ADF253E005A59A8 /* Products */ = {
			isa = PBXGroup;
			children = (
				60273A0C2ADF253E005A59A8 /* AssignmentFour.app */,
				60273A1C2ADF2541005A59A8 /* AssignmentFourTests.xctest */,
				60273A262ADF2541005A59A8 /* AssignmentFourUITests.xctest */,
			);
			name = Products;
			sourceTree = "<group>";
		};
		60273A0E2ADF253E005A59A8 /* AssignmentFour */ = {
			isa = PBXGroup;
			children = (
				60273A3F2ADF3DEE005A59A8 /* Assets.xcassets */,
				60273A392ADF260E005A59A8 /* SqueezeNet.mlmodel */,
				60273A0F2ADF253E005A59A8 /* AssignmentFourApp.swift */,
				60273A112ADF253E005A59A8 /* ContentView.swift */,
				60273A152ADF2540005A59A8 /* Preview Content */,
			);
			path = AssignmentFour;
			sourceTree = "<group>";
		};
		60273A152ADF2540005A59A8 /* Preview Content */ = {
			isa = PBXGroup;
			children = (
				60273A162ADF2540005A59A8 /* Preview Assets.xcassets */,
			);
			path = "Preview Content";
			sourceTree = "<group>";
		};
		60273A1F2ADF2541005A59A8 /* AssignmentFourTests */ = {
			isa = PBXGroup;
			children = (
				60273A202ADF2541005A59A8 /* AssignmentFourTests.swift */,
			);
			path = AssignmentFourTests;
			sourceTree = "<group>";
		};
		60273A292ADF2541005A59A8 /* AssignmentFourUITests */ = {
			isa = PBXGroup;
			children = (
				60273A2A2ADF2541005A59A8 /* AssignmentFourUITests.swift */,
				60273A2C2ADF2541005A59A8 /* AssignmentFourUITestsLaunchTests.swift */,
			);
			path = AssignmentFourUITests;
			sourceTree = "<group>";
		};
/* End PBXGroup section */

/* Begin PBXNativeTarget section */
		60273A0B2ADF253E005A59A8 /* AssignmentFour */ = {
			isa = PBXNativeTarget;
			buildConfigurationList = 60273A302ADF2541005A59A8 /* Build configuration list for PBXNativeTarget "AssignmentFour" */;
			buildPhases = (
				60273A082ADF253E005A59A8 /* Sources */,
				60273A092ADF253E005A59A8 /* Frameworks */,
				60273A0A2ADF253E005A59A8 /* Resources */,
			);
			buildRules = (
			);
			dependencies = (
			);
			name = AssignmentFour;
			productName = AssignmentFour;
			productReference = 60273A0C2ADF253E005A59A8 /* AssignmentFour.app */;
			productType = "com.apple.product-type.application";
		};
		60273A1B2ADF2541005A59A8 /* AssignmentFourTests */ = {
			isa = PBXNativeTarget;
			buildConfigurationList = 60273A332ADF2541005A59A8 /* Build configuration list for PBXNativeTarget "AssignmentFourTests" */;
			buildPhases = (
				60273A182ADF2541005A59A8 /* Sources */,
				60273A192ADF2541005A59A8 /* Frameworks */,
				60273A1A2ADF2541005A59A8 /* Resources */,
			);
			buildRules = (
			);
			dependencies = (
				60273A1E2ADF2541005A59A8 /* PBXTargetDependency */,
			);
			name = AssignmentFourTests;
			productName = AssignmentFourTests;
			productReference = 60273A1C2ADF2541005A59A8 /* AssignmentFourTests.xctest */;
			productType = "com.apple.product-type.bundle.unit-test";
		};
		60273A252ADF2541005A59A8 /* AssignmentFourUITests */ = {
			isa = PBXNativeTarget;
			buildConfigurationList = 60273A362ADF2541005A59A8 /* Build configuration list for PBXNativeTarget "AssignmentFourUITests" */;
			buildPhases = (
				60273A222ADF2541005A59A8 /* Sources */,
				60273A232ADF2541005A59A8 /* Frameworks */,
				60273A242ADF2541005A59A8 /* Resources */,
			);
			buildRules = (
			);
			dependencies = (
				60273A282ADF2541005A59A8 /* PBXTargetDependency */,
			);
			name = AssignmentFourUITests;
			productName = AssignmentFourUITests;
			productReference = 60273A262ADF2541005A59A8 /* AssignmentFourUITests.xctest */;
			productType = "com.apple.product-type.bundle.ui-testing";
		};
/* End PBXNativeTarget section */

/* Begin PBXProject section */
		60273A042ADF253E005A59A8 /* Project object */ = {
			isa = PBXProject;
			attributes = {
				BuildIndependentTargetsInParallel = 1;
				LastSwiftUpdateCheck = 1430;
				LastUpgradeCheck = 1430;
				TargetAttributes = {
					60273A0B2ADF253E005A59A8 = {
						CreatedOnToolsVersion = 14.3.1;
					};
					60273A1B2ADF2541005A59A8 = {
						CreatedOnToolsVersion = 14.3.1;
						TestTargetID = 60273A0B2ADF253E005A59A8;
					};
					60273A252ADF2541005A59A8 = {
						CreatedOnToolsVersion = 14.3.1;
						TestTargetID = 60273A0B2ADF253E005A59A8;
					};
				};
			};
			buildConfigurationList = 60273A072ADF253E005A59A8 /* Build configuration list for PBXProject "AssignmentFour" */;
			compatibilityVersion = "Xcode 14.0";
			developmentRegion = en;
			hasScannedForEncodings = 0;
			knownRegions = (
				en,
				Base,
			);
			mainGroup = 60273A032ADF253E005A59A8;
			productRefGroup = 60273A0D2ADF253E005A59A8 /* Products */;
			projectDirPath = "";
			projectRoot = "";
			targets = (
				60273A0B2ADF253E005A59A8 /* AssignmentFour */,
				60273A1B2ADF2541005A59A8 /* AssignmentFourTests */,
				60273A252ADF2541005A59A8 /* AssignmentFourUITests */,
			);
		};
/* End PBXProject section */

/* Begin PBXResourcesBuildPhase section */
		60273A0A2ADF253E005A59A8 /* Resources */ = {
			isa = PBXResourcesBuildPhase;
			buildActionMask = 2147483647;
			files = (
				60273A402ADF3DEE005A59A8 /* Assets.xcassets in Resources */,
				60273A172ADF2540005A59A8 /* Preview Assets.xcassets in Resources */,
			);
			runOnlyForDeploymentPostprocessing = 0;
		};
		60273A1A2ADF2541005A59A8 /* Resources */ = {
			isa = PBXResourcesBuildPhase;
			buildActionMask = 2147483647;
			files = (
			);
			runOnlyForDeploymentPostprocessing = 0;
		};
		60273A242ADF2541005A59A8 /* Resources */ = {
			isa = PBXResourcesBuildPhase;
			buildActionMask = 2147483647;
			files = (
			);
			runOnlyForDeploymentPostprocessing = 0;
		};
/* End PBXResourcesBuildPhase section */

/* Begin PBXSourcesBuildPhase section */
		60273A082ADF253E005A59A8 /* Sources */ = {
			isa = PBXSourcesBuildPhase;
			buildActionMask = 2147483647;
			files = (
				60273A122ADF253E005A59A8 /* ContentView.swift in Sources */,
				60273A3A2ADF260E005A59A8 /* SqueezeNet.mlmodel in Sources */,
				60273A102ADF253E005A59A8 /* AssignmentFourApp.swift in Sources */,
			);
			runOnlyForDeploymentPostprocessing = 0;
		};
		60273A182ADF2541005A59A8 /* Sources */ = {
			isa = PBXSourcesBuildPhase;
			buildActionMask = 2147483647;
			files = (
				60273A212ADF2541005A59A8 /* AssignmentFourTests.swift in Sources */,
			);
			runOnlyForDeploymentPostprocessing = 0;
		};
		60273A222ADF2541005A59A8 /* Sources */ = {
			isa = PBXSourcesBuildPhase;
			buildActionMask = 2147483647;
			files = (
				60273A2B2ADF2541005A59A8 /* AssignmentFourUITests.swift in Sources */,
				60273A2D2ADF2541005A59A8 /* AssignmentFourUITestsLaunchTests.swift in Sources */,
			);
			runOnlyForDeploymentPostprocessing = 0;
		};
/* End PBXSourcesBuildPhase section */

/* Begin PBXTargetDependency section */
		60273A1E2ADF2541005A59A8 /* PBXTargetDependency */ = {
			isa = PBXTargetDependency;
			target = 60273A0B2ADF253E005A59A8 /* AssignmentFour */;
			targetProxy = 60273A1D2ADF2541005A59A8 /* PBXContainerItemProxy */;
		};
		60273A282ADF2541005A59A8 /* PBXTargetDependency */ = {
			isa = PBXTargetDependency;
			target = 60273A0B2ADF253E005A59A8 /* AssignmentFour */;
			targetProxy = 60273A272ADF2541005A59A8 /* PBXContainerItemProxy */;
		};
/* End PBXTargetDependency section */

/* Begin XCBuildConfiguration section */
		60273A2E2ADF2541005A59A8 /* Debug */ = {
			isa = XCBuildConfiguration;
			buildSettings = {
				ALWAYS_SEARCH_USER_PATHS = NO;
				CLANG_ANALYZER_NONNULL = YES;
				CLANG_ANALYZER_NUMBER_OBJECT_CONVERSION = YES_AGGRESSIVE;
				CLANG_CXX_LANGUAGE_STANDARD = "gnu++20";
				CLANG_ENABLE_MODULES = YES;
				CLANG_ENABLE_OBJC_ARC = YES;
				CLANG_ENABLE_OBJC_WEAK = YES;
				CLANG_WARN_BLOCK_CAPTURE_AUTORELEASING = YES;
				CLANG_WARN_BOOL_CONVERSION = YES;
				CLANG_WARN_COMMA = YES;
				CLANG_WARN_CONSTANT_CONVERSION = YES;
				CLANG_WARN_DEPRECATED_OBJC_IMPLEMENTATIONS = YES;
				CLANG_WARN_DIRECT_OBJC_ISA_USAGE = YES_ERROR;
				CLANG_WARN_DOCUMENTATION_COMMENTS = YES;
				CLANG_WARN_EMPTY_BODY = YES;
				CLANG_WARN_ENUM_CONVERSION = YES;
				CLANG_WARN_INFINITE_RECURSION = YES;
				CLANG_WARN_INT_CONVERSION = YES;
				CLANG_WARN_NON_LITERAL_NULL_CONVERSION = YES;
				CLANG_WARN_OBJC_IMPLICIT_RETAIN_SELF = YES;
				CLANG_WARN_OBJC_LITERAL_CONVERSION = YES;
				CLANG_WARN_OBJC_ROOT_CLASS = YES_ERROR;
				CLANG_WARN_QUOTED_INCLUDE_IN_FRAMEWORK_HEADER = YES;
				CLANG_WARN_RANGE_LOOP_ANALYSIS = YES;
				CLANG_WARN_STRICT_PROTOTYPES = YES;
				CLANG_WARN_SUSPICIOUS_MOVE = YES;
				CLANG_WARN_UNGUARDED_AVAILABILITY = YES_AGGRESSIVE;
				CLANG_WARN_UNREACHABLE_CODE = YES;
				CLANG_WARN__DUPLICATE_METHOD_MATCH = YES;
				COPY_PHASE_STRIP = NO;
				DEBUG_INFORMATION_FORMAT = dwarf;
				ENABLE_STRICT_OBJC_MSGSEND = YES;
				ENABLE_TESTABILITY = YES;
				GCC_C_LANGUAGE_STANDARD = gnu11;
				GCC_DYNAMIC_NO_PIC = NO;
				GCC_NO_COMMON_BLOCKS = YES;
				GCC_OPTIMIZATION_LEVEL = 0;
				GCC_PREPROCESSOR_DEFINITIONS = (
					"DEBUG=1",
					"$(inherited)",
				);
				GCC_WARN_64_TO_32_BIT_CONVERSION = YES;
				GCC_WARN_ABOUT_RETURN_TYPE = YES_ERROR;
				GCC_WARN_UNDECLARED_SELECTOR = YES;
				GCC_WARN_UNINITIALIZED_AUTOS = YES_AGGRESSIVE;
				GCC_WARN_UNUSED_FUNCTION = YES;
				GCC_WARN_UNUSED_VARIABLE = YES;
				IPHONEOS_DEPLOYMENT_TARGET = 16.4;
				MTL_ENABLE_DEBUG_INFO = INCLUDE_SOURCE;
				MTL_FAST_MATH = YES;
				ONLY_ACTIVE_ARCH = YES;
				SDKROOT = iphoneos;
				SWIFT_ACTIVE_COMPILATION_CONDITIONS = DEBUG;
				SWIFT_OPTIMIZATION_LEVEL = "-Onone";
			};
			name = Debug;
		};
		60273A2F2ADF2541005A59A8 /* Release */ = {
			isa = XCBuildConfiguration;
			buildSettings = {
				ALWAYS_SEARCH_USER_PATHS = NO;
				CLANG_ANALYZER_NONNULL = YES;
				CLANG_ANALYZER_NUMBER_OBJECT_CONVERSION = YES_AGGRESSIVE;
				CLANG_CXX_LANGUAGE_STANDARD = "gnu++20";
				CLANG_ENABLE_MODULES = YES;
				CLANG_ENABLE_OBJC_ARC = YES;
				CLANG_ENABLE_OBJC_WEAK = YES;
				CLANG_WARN_BLOCK_CAPTURE_AUTORELEASING = YES;
				CLANG_WARN_BOOL_CONVERSION = YES;
				CLANG_WARN_COMMA = YES;
				CLANG_WARN_CONSTANT_CONVERSION = YES;
				CLANG_WARN_DEPRECATED_OBJC_IMPLEMENTATIONS = YES;
				CLANG_WARN_DIRECT_OBJC_ISA_USAGE = YES_ERROR;
				CLANG_WARN_DOCUMENTATION_COMMENTS = YES;
				CLANG_WARN_EMPTY_BODY = YES;
				CLANG_WARN_ENUM_CONVERSION = YES;
				CLANG_WARN_INFINITE_RECURSION = YES;
				CLANG_WARN_INT_CONVERSION = YES;
				CLANG_WARN_NON_LITERAL_NULL_CONVERSION = YES;
				CLANG_WARN_OBJC_IMPLICIT_RETAIN_SELF = YES;
				CLANG_WARN_OBJC_LITERAL_CONVERSION = YES;
				CLANG_WARN_OBJC_ROOT_CLASS = YES_ERROR;
				CLANG_WARN_QUOTED_INCLUDE_IN_FRAMEWORK_HEADER = YES;
				CLANG_WARN_RANGE_LOOP_ANALYSIS = YES;
				CLANG_WARN_STRICT_PROTOTYPES = YES;
				CLANG_WARN_SUSPICIOUS_MOVE = YES;
				CLANG_WARN_UNGUARDED_AVAILABILITY = YES_AGGRESSIVE;
				CLANG_WARN_UNREACHABLE_CODE = YES;
				CLANG_WARN__DUPLICATE_METHOD_MATCH = YES;
				COPY_PHASE_STRIP = NO;
				DEBUG_INFORMATION_FORMAT = "dwarf-with-dsym";
				ENABLE_NS_ASSERTIONS = NO;
				ENABLE_STRICT_OBJC_MSGSEND = YES;
				GCC_C_LANGUAGE_STANDARD = gnu11;
				GCC_NO_COMMON_BLOCKS = YES;
				GCC_WARN_64_TO_32_BIT_CONVERSION = YES;
				GCC_WARN_ABOUT_RETURN_TYPE = YES_ERROR;
				GCC_WARN_UNDECLARED_SELECTOR = YES;
				GCC_WARN_UNINITIALIZED_AUTOS = YES_AGGRESSIVE;
				GCC_WARN_UNUSED_FUNCTION = YES;
				GCC_WARN_UNUSED_VARIABLE = YES;
				IPHONEOS_DEPLOYMENT_TARGET = 16.4;
				MTL_ENABLE_DEBUG_INFO = NO;
				MTL_FAST_MATH = YES;
				SDKROOT = iphoneos;
				SWIFT_COMPILATION_MODE = wholemodule;
				SWIFT_OPTIMIZATION_LEVEL = "-O";
				VALIDATE_PRODUCT = YES;
			};
			name = Release;
		};
		60273A312ADF2541005A59A8 /* Debug */ = {
			isa = XCBuildConfiguration;
			buildSettings = {
				ASSETCATALOG_COMPILER_APPICON_NAME = AppIcon;
				ASSETCATALOG_COMPILER_GLOBAL_ACCENT_COLOR_NAME = AccentColor;
				CODE_SIGN_STYLE = Automatic;
				CURRENT_PROJECT_VERSION = 1;
				DEVELOPMENT_ASSET_PATHS = "\"AssignmentFour/Preview Content\"";
				ENABLE_PREVIEWS = YES;
				GENERATE_INFOPLIST_FILE = YES;
				INFOPLIST_KEY_UIApplicationSceneManifest_Generation = YES;
				INFOPLIST_KEY_UIApplicationSupportsIndirectInputEvents = YES;
				INFOPLIST_KEY_UILaunchScreen_Generation = YES;
				INFOPLIST_KEY_UISupportedInterfaceOrientations_iPad = "UIInterfaceOrientationPortrait UIInterfaceOrientationPortraitUpsideDown UIInterfaceOrientationLandscapeLeft UIInterfaceOrientationLandscapeRight";
				INFOPLIST_KEY_UISupportedInterfaceOrientations_iPhone = "UIInterfaceOrientationPortrait UIInterfaceOrientationLandscapeLeft UIInterfaceOrientationLandscapeRight";
				LD_RUNPATH_SEARCH_PATHS = (
					"$(inherited)",
					"@executable_path/Frameworks",
				);
				MARKETING_VERSION = 1.0;
				PRODUCT_BUNDLE_IDENTIFIER = com.coreml.course.AssignmentFour;
				PRODUCT_NAME = "$(TARGET_NAME)";
				SWIFT_EMIT_LOC_STRINGS = YES;
				SWIFT_VERSION = 5.0;
				TARGETED_DEVICE_FAMILY = "1,2";
			};
			name = Debug;
		};
		60273A322ADF2541005A59A8 /* Release */ = {
			isa = XCBuildConfiguration;
			buildSettings = {
				ASSETCATALOG_COMPILER_APPICON_NAME = AppIcon;
				ASSETCATALOG_COMPILER_GLOBAL_ACCENT_COLOR_NAME = AccentColor;
				CODE_SIGN_STYLE = Automatic;
				CURRENT_PROJECT_VERSION = 1;
				DEVELOPMENT_ASSET_PATHS = "\"AssignmentFour/Preview Content\"";
				ENABLE_PREVIEWS = YES;
				GENERATE_INFOPLIST_FILE = YES;
				INFOPLIST_KEY_UIApplicationSceneManifest_Generation = YES;
				INFOPLIST_KEY_UIApplicationSupportsIndirectInputEvents = YES;
				INFOPLIST_KEY_UILaunchScreen_Generation = YES;
				INFOPLIST_KEY_UISupportedInterfaceOrientations_iPad = "UIInterfaceOrientationPortrait UIInterfaceOrientationPortraitUpsideDown UIInterfaceOrientationLandscapeLeft UIInterfaceOrientationLandscapeRight";
				INFOPLIST_KEY_UISupportedInterfaceOrientations_iPhone = "UIInterfaceOrientationPortrait UIInterfaceOrientationLandscapeLeft UIInterfaceOrientationLandscapeRight";
				LD_RUNPATH_SEARCH_PATHS = (
					"$(inherited)",
					"@executable_path/Frameworks",
				);
				MARKETING_VERSION = 1.0;
				PRODUCT_BUNDLE_IDENTIFIER = com.coreml.course.AssignmentFour;
				PRODUCT_NAME = "$(TARGET_NAME)";
				SWIFT_EMIT_LOC_STRINGS = YES;
				SWIFT_VERSION = 5.0;
				TARGETED_DEVICE_FAMILY = "1,2";
			};
			name = Release;
		};
		60273A342ADF2541005A59A8 /* Debug */ = {
			isa = XCBuildConfiguration;
			buildSettings = {
				ALWAYS_EMBED_SWIFT_STANDARD_LIBRARIES = YES;
				BUNDLE_LOADER = "$(TEST_HOST)";
				CODE_SIGN_STYLE = Automatic;
				CURRENT_PROJECT_VERSION = 1;
				GENERATE_INFOPLIST_FILE = YES;
				IPHONEOS_DEPLOYMENT_TARGET = 16.4;
				MARKETING_VERSION = 1.0;
				PRODUCT_BUNDLE_IDENTIFIER = com.coreml.course.AssignmentFourTests;
				PRODUCT_NAME = "$(TARGET_NAME)";
				SWIFT_EMIT_LOC_STRINGS = NO;
				SWIFT_VERSION = 5.0;
				TARGETED_DEVICE_FAMILY = "1,2";
				TEST_HOST = "$(BUILT_PRODUCTS_DIR)/AssignmentFour.app/$(BUNDLE_EXECUTABLE_FOLDER_PATH)/AssignmentFour";
			};
			name = Debug;
		};
		60273A352ADF2541005A59A8 /* Release */ = {
			isa = XCBuildConfiguration;
			buildSettings = {
				ALWAYS_EMBED_SWIFT_STANDARD_LIBRARIES = YES;
				BUNDLE_LOADER = "$(TEST_HOST)";
				CODE_SIGN_STYLE = Automatic;
				CURRENT_PROJECT_VERSION = 1;
				GENERATE_INFOPLIST_FILE = YES;
				IPHONEOS_DEPLOYMENT_TARGET = 16.4;
				MARKETING_VERSION = 1.0;
				PRODUCT_BUNDLE_IDENTIFIER = com.coreml.course.AssignmentFourTests;
				PRODUCT_NAME = "$(TARGET_NAME)";
				SWIFT_EMIT_LOC_STRINGS = NO;
				SWIFT_VERSION = 5.0;
				TARGETED_DEVICE_FAMILY = "1,2";
				TEST_HOST = "$(BUILT_PRODUCTS_DIR)/AssignmentFour.app/$(BUNDLE_EXECUTABLE_FOLDER_PATH)/AssignmentFour";
			};
			name = Release;
		};
		60273A372ADF2541005A59A8 /* Debug */ = {
			isa = XCBuildConfiguration;
			buildSettings = {
				ALWAYS_EMBED_SWIFT_STANDARD_LIBRARIES = YES;
				CODE_SIGN_STYLE = Automatic;
				CURRENT_PROJECT_VERSION = 1;
				GENERATE_INFOPLIST_FILE = YES;
				MARKETING_VERSION = 1.0;
				PRODUCT_BUNDLE_IDENTIFIER = com.coreml.course.AssignmentFourUITests;
				PRODUCT_NAME = "$(TARGET_NAME)";
				SWIFT_EMIT_LOC_STRINGS = NO;
				SWIFT_VERSION = 5.0;
				TARGETED_DEVICE_FAMILY = "1,2";
				TEST_TARGET_NAME = AssignmentFour;
			};
			name = Debug;
		};
		60273A382ADF2541005A59A8 /* Release */ = {
			isa = XCBuildConfiguration;
			buildSettings = {
				ALWAYS_EMBED_SWIFT_STANDARD_LIBRARIES = YES;
				CODE_SIGN_STYLE = Automatic;
				CURRENT_PROJECT_VERSION = 1;
				GENERATE_INFOPLIST_FILE = YES;
				MARKETING_VERSION = 1.0;
				PRODUCT_BUNDLE_IDENTIFIER = com.coreml.course.AssignmentFourUITests;
				PRODUCT_NAME = "$(TARGET_NAME)";
				SWIFT_EMIT_LOC_STRINGS = NO;
				SWIFT_VERSION = 5.0;
				TARGETED_DEVICE_FAMILY = "1,2";
				TEST_TARGET_NAME = AssignmentFour;
			};
			name = Release;
		};
/* End XCBuildConfiguration section */

/* Begin XCConfigurationList section */
		60273A072ADF253E005A59A8 /* Build configuration list for PBXProject "AssignmentFour" */ = {
			isa = XCConfigurationList;
			buildConfigurations = (
				60273A2E2ADF2541005A59A8 /* Debug */,
				60273A2F2ADF2541005A59A8 /* Release */,
			);
			defaultConfigurationIsVisible = 0;
			defaultConfigurationName = Release;
		};
		60273A302ADF2541005A59A8 /* Build configuration list for PBXNativeTarget "AssignmentFour" */ = {
			isa = XCConfigurationList;
			buildConfigurations = (
				60273A312ADF2541005A59A8 /* Debug */,
				60273A322ADF2541005A59A8 /* Release */,
			);
			defaultConfigurationIsVisible = 0;
			defaultConfigurationName = Release;
		};
		60273A332ADF2541005A59A8 /* Build configuration list for PBXNativeTarget "AssignmentFourTests" */ = {
			isa = XCConfigurationList;
			buildConfigurations = (
				60273A342ADF2541005A59A8 /* Debug */,
				60273A352ADF2541005A59A8 /* Release */,
			);
			defaultConfigurationIsVisible = 0;
			defaultConfigurationName = Release;
		};
		60273A362ADF2541005A59A8 /* Build configuration list for PBXNativeTarget "AssignmentFourUITests" */ = {
			isa = XCConfigurationList;
			buildConfigurations = (
				60273A372ADF2541005A59A8 /* Debug */,
				60273A382ADF2541005A59A8 /* Release */,
			);
			defaultConfigurationIsVisible = 0;
			defaultConfigurationName = Release;
		};
/* End XCConfigurationList section */
	};
	rootObject = 60273A042ADF253E005A59A8 /* Project object */;
}
